
Microsoft Visual Studio Solution File, Format Version 12.00
# Visual Studio Version 17
VisualStudioVersion = 17.6.33829.357
MinimumVisualStudioVersion = 10.0.40219.1
Project("{FAE04EC0-301F-11D3-BF4B-00C04F79EFBC}") = "mate2.0", "mate2.0.csproj", "{280F7914-6359-4C57-AFC6-01A3B690F8EE}"
EndProject
Global
	GlobalSection(SolutionConfigurationPlatforms) = preSolution
		Debug|Any CPU = Debug|Any CPU
		Release|Any CPU = Release|Any CPU
	EndGlobalSection
	GlobalSection(ProjectConfigurationPlatforms) = postSolution
		{280F7914-6359-4C57-AFC6-01A3B690F8EE}.Debug|Any CPU.ActiveCfg = Debug|Any CPU
		{280F7914-6359-4C57-AFC6-01A3B690F8EE}.Debug|Any CPU.Build.0 = Debug|Any CPU
		{280F7914-6359-4C57-AFC6-01A3B690F8EE}.Release|Any CPU.ActiveCfg = Release|Any CPU
		{280F7914-6359-4C57-AFC6-01A3B690F8EE}.Release|Any CPU.Build.0 = Release|Any CPU
	EndGlobalSection
	GlobalSection(SolutionProperties) = preSolution
		HideSolutionNode = FALSE
	EndGlobalSection
	GlobalSection(ExtensibilityGlobals) = postSolution
		SolutionGuid = {97CD0D09-0310-4596-BFCB-4747D4A27E80}
	EndGlobalSection
EndGlobal
